
Microsoft Visual Studio Solution File, Format Version 12.00
# Visual Studio Version 17
VisualStudioVersion = 17.4.33110.190
MinimumVisualStudioVersion = 10.0.40219.1
Project("{FAE04EC0-301F-11D3-BF4B-00C04F79EFBC}") = "Inventory", "Inventory\Inventory.csproj", "{28ED4795-8B82-4DC1-97CF-11FF773B479E}"
EndProject
Global
	GlobalSection(SolutionConfigurationPlatforms) = preSolution
		Debug|Any CPU = Debug|Any CPU
		Release|Any CPU = Release|Any CPU
	EndGlobalSection
	GlobalSection(ProjectConfigurationPlatforms) = postSolution
		{28ED4795-8B82-4DC1-97CF-11FF773B479E}.Debug|Any CPU.ActiveCfg = Debug|Any CPU
		{28ED4795-8B82-4DC1-97CF-11FF773B479E}.Debug|Any CPU.Build.0 = Debug|Any CPU
		{28ED4795-8B82-4DC1-97CF-11FF773B479E}.Release|Any CPU.ActiveCfg = Release|Any CPU
		{28ED4795-8B82-4DC1-97CF-11FF773B479E}.Release|Any CPU.Build.0 = Release|Any CPU
	EndGlobalSection
	GlobalSection(SolutionProperties) = preSolution
		HideSolutionNode = FALSE
	EndGlobalSection
	GlobalSection(ExtensibilityGlobals) = postSolution
		SolutionGuid = {C7A008F9-EFD2-476E-805D-725D3A5D8905}
	EndGlobalSection
EndGlobal
